
Microsoft Visual Studio Solution File, Format Version 12.00
# Visual Studio Version 17
VisualStudioVersion = 17.13.35806.99 d17.13
MinimumVisualStudioVersion = 10.0.40219.1
Project("{FAE04EC0-301F-11D3-BF4B-00C04F79EFBC}") = "DevOpsManager", "DevOpsManager\DevOpsManager.csproj", "{4AA9EE7B-24B0-4D69-88B1-19052B3DD14E}"
EndProject
Global
	GlobalSection(SolutionConfigurationPlatforms) = preSolution
		Debug|Any CPU = Debug|Any CPU
		Release|Any CPU = Release|Any CPU
	EndGlobalSection
	GlobalSection(ProjectConfigurationPlatforms) = postSolution
		{4AA9EE7B-24B0-4D69-88B1-19052B3DD14E}.Debug|Any CPU.ActiveCfg = Debug|Any CPU
		{4AA9EE7B-24B0-4D69-88B1-19052B3DD14E}.Debug|Any CPU.Build.0 = Debug|Any CPU
		{4AA9EE7B-24B0-4D69-88B1-19052B3DD14E}.Release|Any CPU.ActiveCfg = Release|Any CPU
		{4AA9EE7B-24B0-4D69-88B1-19052B3DD14E}.Release|Any CPU.Build.0 = Release|Any CPU
	EndGlobalSection
	GlobalSection(SolutionProperties) = preSolution
		HideSolutionNode = FALSE
	EndGlobalSection
	GlobalSection(ExtensibilityGlobals) = postSolution
		SolutionGuid = {7F205936-F618-4213-B169-B8C59C0771FF}
	EndGlobalSection
EndGlobal
